// !$*UTF8*$!
{
	archiveVersion = 1;
	classes = {
	};
	objectVersion = 63;
	objects = {

/* Begin PBXBuildFile section */
		2CF23676A8317136010022CF /* Assets.xcassets in Resources */ = {isa = PBXBuildFile; fileRef = 100420240260D4D62741BCBF /* Assets.xcassets */; };
		2F366D20F36C09D8AE61B9C5 /* RootTabView.swift in Sources */ = {isa = PBXBuildFile; fileRef = 6C826720133ED6DCBFAF336B /* RootTabView.swift */; };
		31C5F77A5A3B46B1A8D217C1 /* AppNavigationState.swift in Sources */ = {isa = PBXBuildFile; fileRef = 5D1A8893C9E444E4B11A7860 /* AppNavigationState.swift */; };
		355A5880D22040CFA64FAD06 /* AppOverflowMenu.swift in Sources */ = {isa = PBXBuildFile; fileRef = F9F5AB11D5D847DCA7CE6D62 /* AppOverflowMenu.swift */; };
		44E7BC2019FC30F2B9720565 /* ArticleWebView.swift in Sources */ = {isa = PBXBuildFile; fileRef = 2AE72F99EAC95026908B6154 /* ArticleWebView.swift */; };
		85FD5EEC99EC53D775D36573 /* BrandUI.swift in Sources */ = {isa = PBXBuildFile; fileRef = C8FE4B1B918B67FEC1AED8B6 /* BrandUI.swift */; };
		8823B8D4FE6C8A019ED7A02C /* RadarWebView.swift in Sources */ = {isa = PBXBuildFile; fileRef = 5978C304BF30BF8F494313E0 /* RadarWebView.swift */; };
		97C7901074B17E0BED6B9D02 /* HeadlinesView.swift in Sources */ = {isa = PBXBuildFile; fileRef = 0EF7BE835583331B26707A36 /* HeadlinesView.swift */; };
		A0E06DCE299D4A32BBE867D1 /* SportsProviderPreferences.swift in Sources */ = {isa = PBXBuildFile; fileRef = CB9D5E3D39B14F20B084BB46 /* SportsProviderPreferences.swift */; };
		A1B2C3D4E5F6012345678AC /* StreamingProviderLaunch.swift in Sources */ = {isa = PBXBuildFile; fileRef = A1B2C3D4E5F6012345678AB /* StreamingProviderLaunch.swift */; };
		A1B2C3D4E5F678901234567A /* SavedHubView.swift in Sources */ = {isa = PBXBuildFile; fileRef = A1B2C3D4E5F678901234567B /* SavedHubView.swift */; };
		A419B31226D85D05B0BAA5C2 /* BusinessView.swift in Sources */ = {isa = PBXBuildFile; fileRef = 7AEFA9F9C091699B0D38F9C4 /* BusinessView.swift */; };
		ACAA34C1C0ED32D17FFD1211 /* BigDavesNewsApp.swift in Sources */ = {isa = PBXBuildFile; fileRef = 1FA1B6667A16DE4910A560C0 /* BigDavesNewsApp.swift */; };
		B1C2D3E4F5A6978800112223 /* TeamsCatalog.json in Resources */ = {isa = PBXBuildFile; fileRef = B1C2D3E4F5A6978800112222 /* TeamsCatalog.json */; };
		B7C3E9D102A14F5E8A2B4C6D1 /* WatchComponents.swift in Sources */ = {isa = PBXBuildFile; fileRef = B7C3E9D102A14F5E8A2B4C6D0 /* WatchComponents.swift */; };
		C4B4BD2958A281D3EED8565C /* SettingsView.swift in Sources */ = {isa = PBXBuildFile; fileRef = 375F1BB7ED80AA91C6AE430A /* SettingsView.swift */; };
		C7842492CD4E18A6466A317B /* PushTokenManager.swift in Sources */ = {isa = PBXBuildFile; fileRef = E4618C27EA7B3962D9DB1000 /* PushTokenManager.swift */; };
		CB31BECDE6FAD0E9FF8602DE /* WeatherView.swift in Sources */ = {isa = PBXBuildFile; fileRef = 3BEC8EC9EF145E3792B075C0 /* WeatherView.swift */; };
		CCA8A970C39C57609F36A47E /* ReminderManager.swift in Sources */ = {isa = PBXBuildFile; fileRef = 317452694989276068D00E5A /* ReminderManager.swift */; };
		D0E1F2A3B4C5D6E7F8091A2B4 /* HeroWatchCardView.swift in Sources */ = {isa = PBXBuildFile; fileRef = D0E1F2A3B4C5D6E7F8091A2B3 /* HeroWatchCardView.swift */; };
		D1A2B3C4E5F678901234567A /* DailyHabitNotificationManager.swift in Sources */ = {isa = PBXBuildFile; fileRef = D1A2B3C4E5F678901234567B /* DailyHabitNotificationManager.swift */; };
		D677A0F18C830B8ED818FDFD /* AppDelegate.swift in Sources */ = {isa = PBXBuildFile; fileRef = 73DF9B08ECAAF969CC65B4E8 /* AppDelegate.swift */; };
		E2A3B4C5D6E7F80901234567A /* TonightMode.swift in Sources */ = {isa = PBXBuildFile; fileRef = E2A3B4C5D6E7F80901234567B /* TonightMode.swift */; };
		E2F3A4B5C6D7E8F9012345678 /* WatchFilterUI.swift in Sources */ = {isa = PBXBuildFile; fileRef = E2F3A4B5C6D7E8F9012345679 /* WatchFilterUI.swift */; };
		E67B89CA182E0824EC2C22DB /* WatchView.swift in Sources */ = {isa = PBXBuildFile; fileRef = 5B8BF09ACDCF1D8D93460FB6 /* WatchView.swift */; };
		E90123456789012345678901 /* FirstRunExperience.swift in Sources */ = {isa = PBXBuildFile; fileRef = E90123456789012345678902 /* FirstRunExperience.swift */; };
		E90223456789012345678901 /* LaunchSplashView.swift in Sources */ = {isa = PBXBuildFile; fileRef = E90223456789012345678902 /* LaunchSplashView.swift */; };
		E90323456789012345678901 /* FirstValueHintOverlay.swift in Sources */ = {isa = PBXBuildFile; fileRef = E90323456789012345678902 /* FirstValueHintOverlay.swift */; };
		E9AAA28840247D0487199844 /* API.swift in Sources */ = {isa = PBXBuildFile; fileRef = A76B6C35BB8A9838A622FD98 /* API.swift */; };
		F1B2D98AA3F94033A2201D3E /* BriefView.swift in Sources */ = {isa = PBXBuildFile; fileRef = E6A4C6D701B242BAA55F8C96 /* BriefView.swift */; };
		F3A4B5C6D7E8F9012345678A /* LocalUserPreferences.swift in Sources */ = {isa = PBXBuildFile; fileRef = F3A4B5C6D7E8F9012345678B /* LocalUserPreferences.swift */; };
		F4A5B6C7D8E9F0123456789A /* UserPreferencesViews.swift in Sources */ = {isa = PBXBuildFile; fileRef = F4A5B6C7D8E9F0123456789B /* UserPreferencesViews.swift */; };
		F5A6B7C8D9E0F1234567890A1 /* SportsFavoritesCatalog.swift in Sources */ = {isa = PBXBuildFile; fileRef = F5A6B7C8D9E0F1234567890A2 /* SportsFavoritesCatalog.swift */; };
		FBC98C5D904F4A3BAA0985F1 /* SportsView.swift in Sources */ = {isa = PBXBuildFile; fileRef = 7FCB8BA80FE74B67A123F2C1 /* SportsView.swift */; };
		FF530A4FBA5C4B1BBFA87D01 /* SportsLiveStatus.swift in Sources */ = {isa = PBXBuildFile; fileRef = 03E613E7FDAD4D6FAAD249ED /* SportsLiveStatus.swift */; };
		G1A2B3C4D5E6F7890123456AA /* OnboardingComponents.swift in Sources */ = {isa = PBXBuildFile; fileRef = G1A2B3C4D5E6F7890123456AB /* OnboardingComponents.swift */; };
		G1B2C3D4E5F678901234567AA /* OnboardingSelectionComponents.swift in Sources */ = {isa = PBXBuildFile; fileRef = G1B2C3D4E5F678901234567AB /* OnboardingSelectionComponents.swift */; };
		G2A3B4C5D6E7F8901234567AB /* PersonalizationOnboardingViewModel.swift in Sources */ = {isa = PBXBuildFile; fileRef = G2A3B4C5D6E7F8901234567AC /* PersonalizationOnboardingViewModel.swift */; };
		G3A4B5C6D7E8F9012345678AB /* PersonalizationOnboardingFlow.swift in Sources */ = {isa = PBXBuildFile; fileRef = G3A4B5C6D7E8F9012345678AC /* PersonalizationOnboardingFlow.swift */; };
/* End PBXBuildFile section */

/* Begin PBXFileReference section */
		03E613E7FDAD4D6FAAD249ED /* SportsLiveStatus.swift */ = {isa = PBXFileReference; lastKnownFileType = sourcecode.swift; path = SportsLiveStatus.swift; sourceTree = "<group>"; };
		0EF7BE835583331B26707A36 /* HeadlinesView.swift */ = {isa = PBXFileReference; lastKnownFileType = sourcecode.swift; path = HeadlinesView.swift; sourceTree = "<group>"; };
		100420240260D4D62741BCBF /* Assets.xcassets */ = {isa = PBXFileReference; lastKnownFileType = folder.assetcatalog; path = Assets.xcassets; sourceTree = "<group>"; };
		1C32F60E46DB3D8F9A7AC4A7 /* BigDavesNewsApp.entitlements */ = {isa = PBXFileReference; lastKnownFileType = text.plist.entitlements; path = BigDavesNewsApp.entitlements; sourceTree = "<group>"; };
		1FA1B6667A16DE4910A560C0 /* BigDavesNewsApp.swift */ = {isa = PBXFileReference; lastKnownFileType = sourcecode.swift; path = BigDavesNewsApp.swift; sourceTree = "<group>"; };
		2AE72F99EAC95026908B6154 /* ArticleWebView.swift */ = {isa = PBXFileReference; lastKnownFileType = sourcecode.swift; path = ArticleWebView.swift; sourceTree = "<group>"; };
		317452694989276068D00E5A /* ReminderManager.swift */ = {isa = PBXFileReference; lastKnownFileType = sourcecode.swift; path = ReminderManager.swift; sourceTree = "<group>"; };
		375F1BB7ED80AA91C6AE430A /* SettingsView.swift */ = {isa = PBXFileReference; lastKnownFileType = sourcecode.swift; path = SettingsView.swift; sourceTree = "<group>"; };
		3BEC8EC9EF145E3792B075C0 /* WeatherView.swift */ = {isa = PBXFileReference; lastKnownFileType = sourcecode.swift; path = WeatherView.swift; sourceTree = "<group>"; };
		5978C304BF30BF8F494313E0 /* RadarWebView.swift */ = {isa = PBXFileReference; lastKnownFileType = sourcecode.swift; path = RadarWebView.swift; sourceTree = "<group>"; };
		5B8BF09ACDCF1D8D93460FB6 /* WatchView.swift */ = {isa = PBXFileReference; lastKnownFileType = sourcecode.swift; path = WatchView.swift; sourceTree = "<group>"; };
		5D1A8893C9E444E4B11A7860 /* AppNavigationState.swift */ = {isa = PBXFileReference; lastKnownFileType = sourcecode.swift; path = AppNavigationState.swift; sourceTree = "<group>"; };
		6C826720133ED6DCBFAF336B /* RootTabView.swift */ = {isa = PBXFileReference; lastKnownFileType = sourcecode.swift; path = RootTabView.swift; sourceTree = "<group>"; };
		73DF9B08ECAAF969CC65B4E8 /* AppDelegate.swift */ = {isa = PBXFileReference; lastKnownFileType = sourcecode.swift; path = AppDelegate.swift; sourceTree = "<group>"; };
		7AEFA9F9C091699B0D38F9C4 /* BusinessView.swift */ = {isa = PBXFileReference; lastKnownFileType = sourcecode.swift; path = BusinessView.swift; sourceTree = "<group>"; };
		7FCB8BA80FE74B67A123F2C1 /* SportsView.swift */ = {isa = PBXFileReference; lastKnownFileType = sourcecode.swift; path = SportsView.swift; sourceTree = "<group>"; };
		A1B2C3D4E5F6012345678AB /* StreamingProviderLaunch.swift */ = {isa = PBXFileReference; lastKnownFileType = sourcecode.swift; path = StreamingProviderLaunch.swift; sourceTree = "<group>"; };
		A1B2C3D4E5F678901234567B /* SavedHubView.swift */ = {isa = PBXFileReference; lastKnownFileType = sourcecode.swift; path = SavedHubView.swift; sourceTree = "<group>"; };
		A76B6C35BB8A9838A622FD98 /* API.swift */ = {isa = PBXFileReference; lastKnownFileType = sourcecode.swift; path = API.swift; sourceTree = "<group>"; };
		B1C2D3E4F5A6978800112222 /* TeamsCatalog.json */ = {isa = PBXFileReference; lastKnownFileType = text.json; path = TeamsCatalog.json; sourceTree = "<group>"; };
		B7C3E9D102A14F5E8A2B4C6D0 /* WatchComponents.swift */ = {isa = PBXFileReference; lastKnownFileType = sourcecode.swift; path = WatchComponents.swift; sourceTree = "<group>"; };
		C8FE4B1B918B67FEC1AED8B6 /* BrandUI.swift */ = {isa = PBXFileReference; lastKnownFileType = sourcecode.swift; path = BrandUI.swift; sourceTree = "<group>"; };
		CB9D5E3D39B14F20B084BB46 /* SportsProviderPreferences.swift */ = {isa = PBXFileReference; lastKnownFileType = sourcecode.swift; path = SportsProviderPreferences.swift; sourceTree = "<group>"; };
		D0E1F2A3B4C5D6E7F8091A2B3 /* HeroWatchCardView.swift */ = {isa = PBXFileReference; lastKnownFileType = sourcecode.swift; path = HeroWatchCardView.swift; sourceTree = "<group>"; };
		D1A2B3C4E5F678901234567B /* DailyHabitNotificationManager.swift */ = {isa = PBXFileReference; lastKnownFileType = sourcecode.swift; path = DailyHabitNotificationManager.swift; sourceTree = "<group>"; };
		DCC0F79792AFC29262F139ED /* BigDavesNewsApp.app */ = {isa = PBXFileReference; explicitFileType = wrapper.application; includeInIndex = 0; path = BigDavesNewsApp.app; sourceTree = BUILT_PRODUCTS_DIR; };
		E2A3B4C5D6E7F80901234567B /* TonightMode.swift */ = {isa = PBXFileReference; lastKnownFileType = sourcecode.swift; path = TonightMode.swift; sourceTree = "<group>"; };
		E2F3A4B5C6D7E8F9012345679 /* WatchFilterUI.swift */ = {isa = PBXFileReference; lastKnownFileType = sourcecode.swift; path = WatchFilterUI.swift; sourceTree = "<group>"; };
		E4618C27EA7B3962D9DB1000 /* PushTokenManager.swift */ = {isa = PBXFileReference; lastKnownFileType = sourcecode.swift; path = PushTokenManager.swift; sourceTree = "<group>"; };
		E6A4C6D701B242BAA55F8C96 /* BriefView.swift */ = {isa = PBXFileReference; lastKnownFileType = sourcecode.swift; path = BriefView.swift; sourceTree = "<group>"; };
		E90123456789012345678902 /* FirstRunExperience.swift */ = {isa = PBXFileReference; lastKnownFileType = sourcecode.swift; path = FirstRunExperience.swift; sourceTree = "<group>"; };
		E90223456789012345678902 /* LaunchSplashView.swift */ = {isa = PBXFileReference; lastKnownFileType = sourcecode.swift; path = LaunchSplashView.swift; sourceTree = "<group>"; };
		E90323456789012345678902 /* FirstValueHintOverlay.swift */ = {isa = PBXFileReference; lastKnownFileType = sourcecode.swift; path = FirstValueHintOverlay.swift; sourceTree = "<group>"; };
		F3A4B5C6D7E8F9012345678B /* LocalUserPreferences.swift */ = {isa = PBXFileReference; lastKnownFileType = sourcecode.swift; path = LocalUserPreferences.swift; sourceTree = "<group>"; };
		F47FA323CF211E9E23444E2A /* Info.plist */ = {isa = PBXFileReference; lastKnownFileType = text.plist; path = Info.plist; sourceTree = "<group>"; };
		F4A5B6C7D8E9F0123456789B /* UserPreferencesViews.swift */ = {isa = PBXFileReference; lastKnownFileType = sourcecode.swift; path = UserPreferencesViews.swift; sourceTree = "<group>"; };
		F5A6B7C8D9E0F1234567890A2 /* SportsFavoritesCatalog.swift */ = {isa = PBXFileReference; lastKnownFileType = sourcecode.swift; path = SportsFavoritesCatalog.swift; sourceTree = "<group>"; };
		F9F5AB11D5D847DCA7CE6D62 /* AppOverflowMenu.swift */ = {isa = PBXFileReference; lastKnownFileType = sourcecode.swift; path = AppOverflowMenu.swift; sourceTree = "<group>"; };
		G1A2B3C4D5E6F7890123456AB /* OnboardingComponents.swift */ = {isa = PBXFileReference; lastKnownFileType = sourcecode.swift; path = OnboardingComponents.swift; sourceTree = "<group>"; };
		G1B2C3D4E5F678901234567AB /* OnboardingSelectionComponents.swift */ = {isa = PBXFileReference; lastKnownFileType = sourcecode.swift; path = OnboardingSelectionComponents.swift; sourceTree = "<group>"; };
		G2A3B4C5D6E7F8901234567AC /* PersonalizationOnboardingViewModel.swift */ = {isa = PBXFileReference; lastKnownFileType = sourcecode.swift; path = PersonalizationOnboardingViewModel.swift; sourceTree = "<group>"; };
		G3A4B5C6D7E8F9012345678AC /* PersonalizationOnboardingFlow.swift */ = {isa = PBXFileReference; lastKnownFileType = sourcecode.swift; path = PersonalizationOnboardingFlow.swift; sourceTree = "<group>"; };
/* End PBXFileReference section */

/* Begin PBXGroup section */
		813904D8F857D9D8FF83F08B /* Products */ = {
			isa = PBXGroup;
			children = (
				DCC0F79792AFC29262F139ED /* BigDavesNewsApp.app */,
			);
			name = Products;
			sourceTree = "<group>";
		};
		B1C2D3E4F5A6978800112224 /* Resources */ = {
			isa = PBXGroup;
			children = (
				B1C2D3E4F5A6978800112222 /* TeamsCatalog.json */,
			);
			path = Resources;
			sourceTree = "<group>";
		};
		D34B01433501F50823DB7E2B = {
			isa = PBXGroup;
			children = (
				E1FD722DC29ED39153A79365 /* Sources */,
				B1C2D3E4F5A6978800112224 /* Resources */,
				813904D8F857D9D8FF83F08B /* Products */,
			);
			sourceTree = "<group>";
		};
		E1FD722DC29ED39153A79365 /* Sources */ = {
			isa = PBXGroup;
			children = (
				A76B6C35BB8A9838A622FD98 /* API.swift */,
				5D1A8893C9E444E4B11A7860 /* AppNavigationState.swift */,
				F9F5AB11D5D847DCA7CE6D62 /* AppOverflowMenu.swift */,
				A1B2C3D4E5F678901234567B /* SavedHubView.swift */,
				73DF9B08ECAAF969CC65B4E8 /* AppDelegate.swift */,
				2AE72F99EAC95026908B6154 /* ArticleWebView.swift */,
				100420240260D4D62741BCBF /* Assets.xcassets */,
				1C32F60E46DB3D8F9A7AC4A7 /* BigDavesNewsApp.entitlements */,
				1FA1B6667A16DE4910A560C0 /* BigDavesNewsApp.swift */,
				E6A4C6D701B242BAA55F8C96 /* BriefView.swift */,
				D1A2B3C4E5F678901234567B /* DailyHabitNotificationManager.swift */,
				C8FE4B1B918B67FEC1AED8B6 /* BrandUI.swift */,
				7AEFA9F9C091699B0D38F9C4 /* BusinessView.swift */,
				E90123456789012345678902 /* FirstRunExperience.swift */,
				E90323456789012345678902 /* FirstValueHintOverlay.swift */,
				0EF7BE835583331B26707A36 /* HeadlinesView.swift */,
				F47FA323CF211E9E23444E2A /* Info.plist */,
				E4618C27EA7B3962D9DB1000 /* PushTokenManager.swift */,
				5978C304BF30BF8F494313E0 /* RadarWebView.swift */,
				E90223456789012345678902 /* LaunchSplashView.swift */,
				317452694989276068D00E5A /* ReminderManager.swift */,
				6C826720133ED6DCBFAF336B /* RootTabView.swift */,
				375F1BB7ED80AA91C6AE430A /* SettingsView.swift */,
				E2A3B4C5D6E7F80901234567B /* TonightMode.swift */,
				F3A4B5C6D7E8F9012345678B /* LocalUserPreferences.swift */,
				F4A5B6C7D8E9F0123456789B /* UserPreferencesViews.swift */,
				F5A6B7C8D9E0F1234567890A2 /* SportsFavoritesCatalog.swift */,
				G1A2B3C4D5E6F7890123456AB /* OnboardingComponents.swift */,
				G1B2C3D4E5F678901234567AB /* OnboardingSelectionComponents.swift */,
				G2A3B4C5D6E7F8901234567AC /* PersonalizationOnboardingViewModel.swift */,
				G3A4B5C6D7E8F9012345678AC /* PersonalizationOnboardingFlow.swift */,
				03E613E7FDAD4D6FAAD249ED /* SportsLiveStatus.swift */,
				CB9D5E3D39B14F20B084BB46 /* SportsProviderPreferences.swift */,
				A1B2C3D4E5F6012345678AB /* StreamingProviderLaunch.swift */,
				D0E1F2A3B4C5D6E7F8091A2B3 /* HeroWatchCardView.swift */,
				E2F3A4B5C6D7E8F9012345679 /* WatchFilterUI.swift */,
				7FCB8BA80FE74B67A123F2C1 /* SportsView.swift */,
				5B8BF09ACDCF1D8D93460FB6 /* WatchView.swift */,
				B7C3E9D102A14F5E8A2B4C6D0 /* WatchComponents.swift */,
				3BEC8EC9EF145E3792B075C0 /* WeatherView.swift */,
			);
			path = Sources;
			sourceTree = "<group>";
		};
/* End PBXGroup section */

/* Begin PBXNativeTarget section */
		1A971FBD6701A25E38B54BEF /* BigDavesNewsApp */ = {
			isa = PBXNativeTarget;
			buildConfigurationList = 43E65F148CBB22035444A289 /* Build configuration list for PBXNativeTarget "BigDavesNewsApp" */;
			buildPhases = (
				EC01D55D2194BD06001EE65B /* Sources */,
				4A92A18FD7EF493660D2F82C /* Resources */,
			);
			buildRules = (
			);
			dependencies = (
			);
			name = BigDavesNewsApp;
			packageProductDependencies = (
			);
			productName = BigDavesNewsApp;
			productReference = DCC0F79792AFC29262F139ED /* BigDavesNewsApp.app */;
			productType = "com.apple.product-type.application";
		};
/* End PBXNativeTarget section */

/* Begin PBXProject section */
		96B71986A6159E62B652E5ED /* Project object */ = {
			isa = PBXProject;
			attributes = {
				BuildIndependentTargetsInParallel = YES;
				LastUpgradeCheck = 1430;
				TargetAttributes = {
					1A971FBD6701A25E38B54BEF = {
						ProvisioningStyle = Automatic;
					};
				};
			};
			buildConfigurationList = 33821AE693428BDEFDEA30A7 /* Build configuration list for PBXProject "BigDavesNewsApp" */;
			compatibilityVersion = "Xcode 14.0";
			developmentRegion = en;
			hasScannedForEncodings = 0;
			knownRegions = (
				Base,
				en,
			);
			mainGroup = D34B01433501F50823DB7E2B;
			minimizedProjectReferenceProxies = 1;
			projectDirPath = "";
			projectRoot = "";
			targets = (
				1A971FBD6701A25E38B54BEF /* BigDavesNewsApp */,
			);
		};
/* End PBXProject section */

/* Begin PBXResourcesBuildPhase section */
		4A92A18FD7EF493660D2F82C /* Resources */ = {
			isa = PBXResourcesBuildPhase;
			buildActionMask = 2147483647;
			files = (
				2CF23676A8317136010022CF /* Assets.xcassets in Resources */,
				B1C2D3E4F5A6978800112223 /* TeamsCatalog.json in Resources */,
			);
			runOnlyForDeploymentPostprocessing = 0;
		};
/* End PBXResourcesBuildPhase section */

/* Begin PBXSourcesBuildPhase section */
		EC01D55D2194BD06001EE65B /* Sources */ = {
			isa = PBXSourcesBuildPhase;
			buildActionMask = 2147483647;
			files = (
				E9AAA28840247D0487199844 /* API.swift in Sources */,
				31C5F77A5A3B46B1A8D217C1 /* AppNavigationState.swift in Sources */,
				355A5880D22040CFA64FAD06 /* AppOverflowMenu.swift in Sources */,
				A1B2C3D4E5F678901234567A /* SavedHubView.swift in Sources */,
				D677A0F18C830B8ED818FDFD /* AppDelegate.swift in Sources */,
				44E7BC2019FC30F2B9720565 /* ArticleWebView.swift in Sources */,
				ACAA34C1C0ED32D17FFD1211 /* BigDavesNewsApp.swift in Sources */,
				D1A2B3C4E5F678901234567A /* DailyHabitNotificationManager.swift in Sources */,
				F1B2D98AA3F94033A2201D3E /* BriefView.swift in Sources */,
				85FD5EEC99EC53D775D36573 /* BrandUI.swift in Sources */,
				A419B31226D85D05B0BAA5C2 /* BusinessView.swift in Sources */,
				97C7901074B17E0BED6B9D02 /* HeadlinesView.swift in Sources */,
				C7842492CD4E18A6466A317B /* PushTokenManager.swift in Sources */,
				8823B8D4FE6C8A019ED7A02C /* RadarWebView.swift in Sources */,
				CCA8A970C39C57609F36A47E /* ReminderManager.swift in Sources */,
				2F366D20F36C09D8AE61B9C5 /* RootTabView.swift in Sources */,
				C4B4BD2958A281D3EED8565C /* SettingsView.swift in Sources */,
				E2A3B4C5D6E7F80901234567A /* TonightMode.swift in Sources */,
				F3A4B5C6D7E8F9012345678A /* LocalUserPreferences.swift in Sources */,
				F4A5B6C7D8E9F0123456789A /* UserPreferencesViews.swift in Sources */,
				F5A6B7C8D9E0F1234567890A1 /* SportsFavoritesCatalog.swift in Sources */,
				G1A2B3C4D5E6F7890123456AA /* OnboardingComponents.swift in Sources */,
				G1B2C3D4E5F678901234567AA /* OnboardingSelectionComponents.swift in Sources */,
				G2A3B4C5D6E7F8901234567AB /* PersonalizationOnboardingViewModel.swift in Sources */,
				G3A4B5C6D7E8F9012345678AB /* PersonalizationOnboardingFlow.swift in Sources */,
				FF530A4FBA5C4B1BBFA87D01 /* SportsLiveStatus.swift in Sources */,
				E90123456789012345678901 /* FirstRunExperience.swift in Sources */,
				E90223456789012345678901 /* LaunchSplashView.swift in Sources */,
				E90323456789012345678901 /* FirstValueHintOverlay.swift in Sources */,
				A0E06DCE299D4A32BBE867D1 /* SportsProviderPreferences.swift in Sources */,
				FBC98C5D904F4A3BAA0985F1 /* SportsView.swift in Sources */,
				A1B2C3D4E5F6012345678AC /* StreamingProviderLaunch.swift in Sources */,
				D0E1F2A3B4C5D6E7F8091A2B4 /* HeroWatchCardView.swift in Sources */,
				E2F3A4B5C6D7E8F9012345678 /* WatchFilterUI.swift in Sources */,
				E67B89CA182E0824EC2C22DB /* WatchView.swift in Sources */,
				B7C3E9D102A14F5E8A2B4C6D1 /* WatchComponents.swift in Sources */,
				CB31BECDE6FAD0E9FF8602DE /* WeatherView.swift in Sources */,
			);
			runOnlyForDeploymentPostprocessing = 0;
		};
/* End PBXSourcesBuildPhase section */

/* Begin XCBuildConfiguration section */
		03696DAE542B6CA794B7384B /* Release */ = {
			isa = XCBuildConfiguration;
			buildSettings = {
				ALWAYS_SEARCH_USER_PATHS = NO;
				APS_ENVIRONMENT = production;
				ASSETCATALOG_COMPILER_APPICON_NAME = AppIcon;
				ASSETCATALOG_COMPILER_GENERATE_SWIFT_ASSET_SYMBOL_EXTENSIONS = YES;
				CLANG_ANALYZER_NONNULL = YES;
				CLANG_ANALYZER_NUMBER_OBJECT_CONVERSION = YES_AGGRESSIVE;
				CLANG_CXX_LANGUAGE_STANDARD = "gnu++14";
				CLANG_CXX_LIBRARY = "libc++";
				CLANG_ENABLE_MODULES = YES;
				CLANG_ENABLE_OBJC_ARC = YES;
				CLANG_ENABLE_OBJC_WEAK = YES;
				CLANG_WARN_BLOCK_CAPTURE_AUTORELEASING = YES;
				CLANG_WARN_BOOL_CONVERSION = YES;
				CLANG_WARN_COMMA = YES;
				CLANG_WARN_CONSTANT_CONVERSION = YES;
				CLANG_WARN_DEPRECATED_OBJC_IMPLEMENTATIONS = YES;
				CLANG_WARN_DIRECT_OBJC_ISA_USAGE = YES_ERROR;
				CLANG_WARN_DOCUMENTATION_COMMENTS = YES;
				CLANG_WARN_EMPTY_BODY = YES;
				CLANG_WARN_ENUM_CONVERSION = YES;
				CLANG_WARN_INFINITE_RECURSION = YES;
				CLANG_WARN_INT_CONVERSION = YES;
				CLANG_WARN_NON_LITERAL_NULL_CONVERSION = YES;
				CLANG_WARN_OBJC_IMPLICIT_RETAIN_SELF = YES;
				CLANG_WARN_OBJC_LITERAL_CONVERSION = YES;
				CLANG_WARN_OBJC_ROOT_CLASS = YES_ERROR;
				CLANG_WARN_QUOTED_INCLUDE_IN_FRAMEWORK_HEADER = YES;
				CLANG_WARN_RANGE_LOOP_ANALYSIS = YES;
				CLANG_WARN_STRICT_PROTOTYPES = YES;
				CLANG_WARN_SUSPICIOUS_MOVE = YES;
				CLANG_WARN_UNGUARDED_AVAILABILITY = YES_AGGRESSIVE;
				CLANG_WARN_UNREACHABLE_CODE = YES;
				CLANG_WARN__DUPLICATE_METHOD_MATCH = YES;
				COPY_PHASE_STRIP = NO;
				CURRENT_PROJECT_VERSION = 2;
				DEBUG_INFORMATION_FORMAT = "dwarf-with-dsym";
				DEVELOPMENT_TEAM = LSL6634TAV;
				ENABLE_NS_ASSERTIONS = NO;
				ENABLE_STRICT_OBJC_MSGSEND = YES;
				ENABLE_USER_SCRIPT_SANDBOXING = YES;
				GCC_C_LANGUAGE_STANDARD = gnu11;
				GCC_NO_COMMON_BLOCKS = YES;
				GCC_WARN_64_TO_32_BIT_CONVERSION = YES;
				GCC_WARN_ABOUT_RETURN_TYPE = YES_ERROR;
				GCC_WARN_UNDECLARED_SELECTOR = YES;
				GCC_WARN_UNINITIALIZED_AUTOS = YES_AGGRESSIVE;
				GCC_WARN_UNUSED_FUNCTION = YES;
				GCC_WARN_UNUSED_VARIABLE = YES;
				IPHONEOS_DEPLOYMENT_TARGET = 16.0;
				MARKETING_VERSION = 1.0.1;
				MTL_ENABLE_DEBUG_INFO = NO;
				MTL_FAST_MATH = YES;
				PRODUCT_BUNDLE_IDENTIFIER = com.bigdavesnews.app;
				PRODUCT_NAME = "$(TARGET_NAME)";
				SDKROOT = iphoneos;
				STRING_CATALOG_GENERATE_SYMBOLS = YES;
				SWIFT_COMPILATION_MODE = wholemodule;
				SWIFT_OPTIMIZATION_LEVEL = "-O";
				SWIFT_VERSION = 5.0;
			};
			name = Release;
		};
		5B99BFA6C4C166E9390A5361 /* Release */ = {
			isa = XCBuildConfiguration;
			buildSettings = {
				ASSETCATALOG_COMPILER_APPICON_NAME = AppIcon;
				CODE_SIGN_ENTITLEMENTS = Sources/BigDavesNewsApp.entitlements;
				CODE_SIGN_IDENTITY = "iPhone Developer";
				CODE_SIGN_STYLE = Automatic;
				CURRENT_PROJECT_VERSION = 1;
				DEVELOPMENT_TEAM = LSL6634TAV;
				INFOPLIST_FILE = Sources/Info.plist;
				LD_RUNPATH_SEARCH_PATHS = (
					"$(inherited)",
					"@executable_path/Frameworks",
				);
				MARKETING_VERSION = 1.0.3;
				SDKROOT = iphoneos;
				TARGETED_DEVICE_FAMILY = "1,2";
			};
			name = Release;
		};
		605EEEF6B3C11C4DEF2E4E36 /* Debug */ = {
			isa = XCBuildConfiguration;
			buildSettings = {
				ALWAYS_SEARCH_USER_PATHS = NO;
				APS_ENVIRONMENT = development;
				ASSETCATALOG_COMPILER_APPICON_NAME = AppIcon;
				ASSETCATALOG_COMPILER_GENERATE_SWIFT_ASSET_SYMBOL_EXTENSIONS = YES;
				CLANG_ANALYZER_NONNULL = YES;
				CLANG_ANALYZER_NUMBER_OBJECT_CONVERSION = YES_AGGRESSIVE;
				CLANG_CXX_LANGUAGE_STANDARD = "gnu++14";
				CLANG_CXX_LIBRARY = "libc++";
				CLANG_ENABLE_MODULES = YES;
				CLANG_ENABLE_OBJC_ARC = YES;
				CLANG_ENABLE_OBJC_WEAK = YES;
				CLANG_WARN_BLOCK_CAPTURE_AUTORELEASING = YES;
				CLANG_WARN_BOOL_CONVERSION = YES;
				CLANG_WARN_COMMA = YES;
				CLANG_WARN_CONSTANT_CONVERSION = YES;
				CLANG_WARN_DEPRECATED_OBJC_IMPLEMENTATIONS = YES;
				CLANG_WARN_DIRECT_OBJC_ISA_USAGE = YES_ERROR;
				CLANG_WARN_DOCUMENTATION_COMMENTS = YES;
				CLANG_WARN_EMPTY_BODY = YES;
				CLANG_WARN_ENUM_CONVERSION = YES;
				CLANG_WARN_INFINITE_RECURSION = YES;
				CLANG_WARN_INT_CONVERSION = YES;
				CLANG_WARN_NON_LITERAL_NULL_CONVERSION = YES;
				CLANG_WARN_OBJC_IMPLICIT_RETAIN_SELF = YES;
				CLANG_WARN_OBJC_LITERAL_CONVERSION = YES;
				CLANG_WARN_OBJC_ROOT_CLASS = YES_ERROR;
				CLANG_WARN_QUOTED_INCLUDE_IN_FRAMEWORK_HEADER = YES;
				CLANG_WARN_RANGE_LOOP_ANALYSIS = YES;
				CLANG_WARN_STRICT_PROTOTYPES = YES;
				CLANG_WARN_SUSPICIOUS_MOVE = YES;
				CLANG_WARN_UNGUARDED_AVAILABILITY = YES_AGGRESSIVE;
				CLANG_WARN_UNREACHABLE_CODE = YES;
				CLANG_WARN__DUPLICATE_METHOD_MATCH = YES;
				COPY_PHASE_STRIP = NO;
				CURRENT_PROJECT_VERSION = 2;
				DEBUG_INFORMATION_FORMAT = dwarf;
				DEVELOPMENT_TEAM = LSL6634TAV;
				ENABLE_STRICT_OBJC_MSGSEND = YES;
				ENABLE_TESTABILITY = YES;
				ENABLE_USER_SCRIPT_SANDBOXING = YES;
				GCC_C_LANGUAGE_STANDARD = gnu11;
				GCC_DYNAMIC_NO_PIC = NO;
				GCC_NO_COMMON_BLOCKS = YES;
				GCC_OPTIMIZATION_LEVEL = 0;
				GCC_PREPROCESSOR_DEFINITIONS = (
					"$(inherited)",
					"DEBUG=1",
				);
				GCC_WARN_64_TO_32_BIT_CONVERSION = YES;
				GCC_WARN_ABOUT_RETURN_TYPE = YES_ERROR;
				GCC_WARN_UNDECLARED_SELECTOR = YES;
				GCC_WARN_UNINITIALIZED_AUTOS = YES_AGGRESSIVE;
				GCC_WARN_UNUSED_FUNCTION = YES;
				GCC_WARN_UNUSED_VARIABLE = YES;
				IPHONEOS_DEPLOYMENT_TARGET = 16.0;
				MARKETING_VERSION = 1.0.1;
				MTL_ENABLE_DEBUG_INFO = INCLUDE_SOURCE;
				MTL_FAST_MATH = YES;
				ONLY_ACTIVE_ARCH = YES;
				PRODUCT_BUNDLE_IDENTIFIER = com.bigdavesnews.app;
				PRODUCT_NAME = "$(TARGET_NAME)";
				SDKROOT = iphoneos;
				STRING_CATALOG_GENERATE_SYMBOLS = YES;
				SWIFT_ACTIVE_COMPILATION_CONDITIONS = DEBUG;
				SWIFT_OPTIMIZATION_LEVEL = "-Onone";
				SWIFT_VERSION = 5.0;
			};
			name = Debug;
		};
		8863FF5D86AB51646B9E9F7C /* Debug */ = {
			isa = XCBuildConfiguration;
			buildSettings = {
				ASSETCATALOG_COMPILER_APPICON_NAME = AppIcon;
				CODE_SIGN_ENTITLEMENTS = Sources/BigDavesNewsApp.entitlements;
				CODE_SIGN_IDENTITY = "iPhone Developer";
				CODE_SIGN_STYLE = Automatic;
				CURRENT_PROJECT_VERSION = 1;
				DEVELOPMENT_TEAM = LSL6634TAV;
				INFOPLIST_FILE = Sources/Info.plist;
				LD_RUNPATH_SEARCH_PATHS = (
					"$(inherited)",
					"@executable_path/Frameworks",
				);
				MARKETING_VERSION = 1.0.3;
				SDKROOT = iphoneos;
				TARGETED_DEVICE_FAMILY = "1,2";
			};
			name = Debug;
		};
/* End XCBuildConfiguration section */

/* Begin XCConfigurationList section */
		33821AE693428BDEFDEA30A7 /* Build configuration list for PBXProject "BigDavesNewsApp" */ = {
			isa = XCConfigurationList;
			buildConfigurations = (
				605EEEF6B3C11C4DEF2E4E36 /* Debug */,
				03696DAE542B6CA794B7384B /* Release */,
			);
			defaultConfigurationIsVisible = 0;
			defaultConfigurationName = Debug;
		};
		43E65F148CBB22035444A289 /* Build configuration list for PBXNativeTarget "BigDavesNewsApp" */ = {
			isa = XCConfigurationList;
			buildConfigurations = (
				8863FF5D86AB51646B9E9F7C /* Debug */,
				5B99BFA6C4C166E9390A5361 /* Release */,
			);
			defaultConfigurationIsVisible = 0;
			defaultConfigurationName = Debug;
		};
/* End XCConfigurationList section */
	};
	rootObject = 96B71986A6159E62B652E5ED /* Project object */;
}
