// !$*UTF8*$!
{
	archiveVersion = 1;
	classes = {
	};
	objectVersion = 63;
	objects = {

/* Begin PBXBuildFile section */
		2CF23676A8317136010022CF /* Assets.xcassets in Resources */ = {isa = PBXBuildFile; fileRef = 100420240260D4D62741BCBF /* Assets.xcassets */; };
		2F366D20F36C09D8AE61B9C5 /* RootTabView.swift in Sources */ = {isa = PBXBuildFile; fileRef = 6C826720133ED6DCBFAF336B /* RootTabView.swift */; };
		85FD5EEC99EC53D775D36573 /* BrandUI.swift in Sources */ = {isa = PBXBuildFile; fileRef = C8FE4B1B918B67FEC1AED8B6 /* BrandUI.swift */; };
		8823B8D4FE6C8A019ED7A02C /* RadarWebView.swift in Sources */ = {isa = PBXBuildFile; fileRef = 5978C304BF30BF8F494313E0 /* RadarWebView.swift */; };
		97C7901074B17E0BED6B9D02 /* HeadlinesView.swift in Sources */ = {isa = PBXBuildFile; fileRef = 0EF7BE835583331B26707A36 /* HeadlinesView.swift */; };
		A419B31226D85D05B0BAA5C2 /* BusinessView.swift in Sources */ = {isa = PBXBuildFile; fileRef = 7AEFA9F9C091699B0D38F9C4 /* BusinessView.swift */; };
		ACAA34C1C0ED32D17FFD1211 /* BigDavesNewsApp.swift in Sources */ = {isa = PBXBuildFile; fileRef = 1FA1B6667A16DE4910A560C0 /* BigDavesNewsApp.swift */; };
		C4B4BD2958A281D3EED8565C /* SettingsView.swift in Sources */ = {isa = PBXBuildFile; fileRef = 375F1BB7ED80AA91C6AE430A /* SettingsView.swift */; };
		C7842492CD4E18A6466A317B /* PushTokenManager.swift in Sources */ = {isa = PBXBuildFile; fileRef = E4618C27EA7B3962D9DB1000 /* PushTokenManager.swift */; };
		CB31BECDE6FAD0E9FF8602DE /* WeatherView.swift in Sources */ = {isa = PBXBuildFile; fileRef = 3BEC8EC9EF145E3792B075C0 /* WeatherView.swift */; };
		CCA8A970C39C57609F36A47E /* ReminderManager.swift in Sources */ = {isa = PBXBuildFile; fileRef = 317452694989276068D00E5A /* ReminderManager.swift */; };
		D677A0F18C830B8ED818FDFD /* AppDelegate.swift in Sources */ = {isa = PBXBuildFile; fileRef = 73DF9B08ECAAF969CC65B4E8 /* AppDelegate.swift */; };
		E9AAA28840247D0487199844 /* API.swift in Sources */ = {isa = PBXBuildFile; fileRef = A76B6C35BB8A9838A622FD98 /* API.swift */; };
/* End PBXBuildFile section */

/* Begin PBXFileReference section */
		0EF7BE835583331B26707A36 /* HeadlinesView.swift */ = {isa = PBXFileReference; lastKnownFileType = sourcecode.swift; path = HeadlinesView.swift; sourceTree = "<group>"; };
		100420240260D4D62741BCBF /* Assets.xcassets */ = {isa = PBXFileReference; lastKnownFileType = folder.assetcatalog; path = Assets.xcassets; sourceTree = "<group>"; };
		1C32F60E46DB3D8F9A7AC4A7 /* BigDavesNewsApp.entitlements */ = {isa = PBXFileReference; lastKnownFileType = text.plist.entitlements; path = BigDavesNewsApp.entitlements; sourceTree = "<group>"; };
		1FA1B6667A16DE4910A560C0 /* BigDavesNewsApp.swift */ = {isa = PBXFileReference; lastKnownFileType = sourcecode.swift; path = BigDavesNewsApp.swift; sourceTree = "<group>"; };
		317452694989276068D00E5A /* ReminderManager.swift */ = {isa = PBXFileReference; lastKnownFileType = sourcecode.swift; path = ReminderManager.swift; sourceTree = "<group>"; };
		375F1BB7ED80AA91C6AE430A /* SettingsView.swift */ = {isa = PBXFileReference; lastKnownFileType = sourcecode.swift; path = SettingsView.swift; sourceTree = "<group>"; };
		3BEC8EC9EF145E3792B075C0 /* WeatherView.swift */ = {isa = PBXFileReference; lastKnownFileType = sourcecode.swift; path = WeatherView.swift; sourceTree = "<group>"; };
		5978C304BF30BF8F494313E0 /* RadarWebView.swift */ = {isa = PBXFileReference; lastKnownFileType = sourcecode.swift; path = RadarWebView.swift; sourceTree = "<group>"; };
		6C826720133ED6DCBFAF336B /* RootTabView.swift */ = {isa = PBXFileReference; lastKnownFileType = sourcecode.swift; path = RootTabView.swift; sourceTree = "<group>"; };
		73DF9B08ECAAF969CC65B4E8 /* AppDelegate.swift */ = {isa = PBXFileReference; lastKnownFileType = sourcecode.swift; path = AppDelegate.swift; sourceTree = "<group>"; };
		7AEFA9F9C091699B0D38F9C4 /* BusinessView.swift */ = {isa = PBXFileReference; lastKnownFileType = sourcecode.swift; path = BusinessView.swift; sourceTree = "<group>"; };
		A76B6C35BB8A9838A622FD98 /* API.swift */ = {isa = PBXFileReference; lastKnownFileType = sourcecode.swift; path = API.swift; sourceTree = "<group>"; };
		C8FE4B1B918B67FEC1AED8B6 /* BrandUI.swift */ = {isa = PBXFileReference; lastKnownFileType = sourcecode.swift; path = BrandUI.swift; sourceTree = "<group>"; };
		DCC0F79792AFC29262F139ED /* BigDavesNewsApp.app */ = {isa = PBXFileReference; explicitFileType = wrapper.application; includeInIndex = 0; path = BigDavesNewsApp.app; sourceTree = BUILT_PRODUCTS_DIR; };
		E4618C27EA7B3962D9DB1000 /* PushTokenManager.swift */ = {isa = PBXFileReference; lastKnownFileType = sourcecode.swift; path = PushTokenManager.swift; sourceTree = "<group>"; };
		F47FA323CF211E9E23444E2A /* Info.plist */ = {isa = PBXFileReference; lastKnownFileType = text.plist; path = Info.plist; sourceTree = "<group>"; };
/* End PBXFileReference section */

/* Begin PBXGroup section */
		813904D8F857D9D8FF83F08B /* Products */ = {
			isa = PBXGroup;
			children = (
				DCC0F79792AFC29262F139ED /* BigDavesNewsApp.app */,
			);
			name = Products;
			sourceTree = "<group>";
		};
		D34B01433501F50823DB7E2B = {
			isa = PBXGroup;
			children = (
				E1FD722DC29ED39153A79365 /* Sources */,
				813904D8F857D9D8FF83F08B /* Products */,
			);
			sourceTree = "<group>";
		};
		E1FD722DC29ED39153A79365 /* Sources */ = {
			isa = PBXGroup;
			children = (
				A76B6C35BB8A9838A622FD98 /* API.swift */,
				73DF9B08ECAAF969CC65B4E8 /* AppDelegate.swift */,
				100420240260D4D62741BCBF /* Assets.xcassets */,
				1C32F60E46DB3D8F9A7AC4A7 /* BigDavesNewsApp.entitlements */,
				1FA1B6667A16DE4910A560C0 /* BigDavesNewsApp.swift */,
				C8FE4B1B918B67FEC1AED8B6 /* BrandUI.swift */,
				7AEFA9F9C091699B0D38F9C4 /* BusinessView.swift */,
				0EF7BE835583331B26707A36 /* HeadlinesView.swift */,
				F47FA323CF211E9E23444E2A /* Info.plist */,
				E4618C27EA7B3962D9DB1000 /* PushTokenManager.swift */,
				5978C304BF30BF8F494313E0 /* RadarWebView.swift */,
				317452694989276068D00E5A /* ReminderManager.swift */,
				6C826720133ED6DCBFAF336B /* RootTabView.swift */,
				375F1BB7ED80AA91C6AE430A /* SettingsView.swift */,
				3BEC8EC9EF145E3792B075C0 /* WeatherView.swift */,
			);
			path = Sources;
			sourceTree = "<group>";
		};
/* End PBXGroup section */

/* Begin PBXNativeTarget section */
		1A971FBD6701A25E38B54BEF /* BigDavesNewsApp */ = {
			isa = PBXNativeTarget;
			buildConfigurationList = 43E65F148CBB22035444A289 /* Build configuration list for PBXNativeTarget "BigDavesNewsApp" */;
			buildPhases = (
				EC01D55D2194BD06001EE65B /* Sources */,
				4A92A18FD7EF493660D2F82C /* Resources */,
			);
			buildRules = (
			);
			dependencies = (
			);
			name = BigDavesNewsApp;
			packageProductDependencies = (
			);
			productName = BigDavesNewsApp;
			productReference = DCC0F79792AFC29262F139ED /* BigDavesNewsApp.app */;
			productType = "com.apple.product-type.application";
		};
/* End PBXNativeTarget section */

/* Begin PBXProject section */
		96B71986A6159E62B652E5ED /* Project object */ = {
			isa = PBXProject;
			attributes = {
				BuildIndependentTargetsInParallel = YES;
				LastUpgradeCheck = 2630;
				TargetAttributes = {
					1A971FBD6701A25E38B54BEF = {
						DevelopmentTeam = LSL6634TAV;
						ProvisioningStyle = Automatic;
					};
				};
			};
			buildConfigurationList = 33821AE693428BDEFDEA30A7 /* Build configuration list for PBXProject "BigDavesNewsApp" */;
			compatibilityVersion = "Xcode 14.0";
			developmentRegion = en;
			hasScannedForEncodings = 0;
			knownRegions = (
				Base,
				en,
			);
			mainGroup = D34B01433501F50823DB7E2B;
			minimizedProjectReferenceProxies = 1;
			projectDirPath = "";
			projectRoot = "";
			targets = (
				1A971FBD6701A25E38B54BEF /* BigDavesNewsApp */,
			);
		};
/* End PBXProject section */

/* Begin PBXResourcesBuildPhase section */
		4A92A18FD7EF493660D2F82C /* Resources */ = {
			isa = PBXResourcesBuildPhase;
			buildActionMask = 2147483647;
			files = (
				2CF23676A8317136010022CF /* Assets.xcassets in Resources */,
			);
			runOnlyForDeploymentPostprocessing = 0;
		};
/* End PBXResourcesBuildPhase section */

/* Begin PBXSourcesBuildPhase section */
		EC01D55D2194BD06001EE65B /* Sources */ = {
			isa = PBXSourcesBuildPhase;
			buildActionMask = 2147483647;
			files = (
				E9AAA28840247D0487199844 /* API.swift in Sources */,
				D677A0F18C830B8ED818FDFD /* AppDelegate.swift in Sources */,
				ACAA34C1C0ED32D17FFD1211 /* BigDavesNewsApp.swift in Sources */,
				85FD5EEC99EC53D775D36573 /* BrandUI.swift in Sources */,
				A419B31226D85D05B0BAA5C2 /* BusinessView.swift in Sources */,
				97C7901074B17E0BED6B9D02 /* HeadlinesView.swift in Sources */,
				C7842492CD4E18A6466A317B /* PushTokenManager.swift in Sources */,
				8823B8D4FE6C8A019ED7A02C /* RadarWebView.swift in Sources */,
				CCA8A970C39C57609F36A47E /* ReminderManager.swift in Sources */,
				2F366D20F36C09D8AE61B9C5 /* RootTabView.swift in Sources */,
				C4B4BD2958A281D3EED8565C /* SettingsView.swift in Sources */,
				CB31BECDE6FAD0E9FF8602DE /* WeatherView.swift in Sources */,
			);
			runOnlyForDeploymentPostprocessing = 0;
		};
/* End PBXSourcesBuildPhase section */

/* Begin XCBuildConfiguration section */
		03696DAE542B6CA794B7384B /* Release */ = {
			isa = XCBuildConfiguration;
			buildSettings = {
				ALWAYS_SEARCH_USER_PATHS = NO;
				APS_ENVIRONMENT = production;
				ASSETCATALOG_COMPILER_APPICON_NAME = AppIcon;
				ASSETCATALOG_COMPILER_GENERATE_SWIFT_ASSET_SYMBOL_EXTENSIONS = YES;
				CLANG_ANALYZER_NONNULL = YES;
				CLANG_ANALYZER_NUMBER_OBJECT_CONVERSION = YES_AGGRESSIVE;
				CLANG_CXX_LANGUAGE_STANDARD = "gnu++14";
				CLANG_CXX_LIBRARY = "libc++";
				CLANG_ENABLE_MODULES = YES;
				CLANG_ENABLE_OBJC_ARC = YES;
				CLANG_ENABLE_OBJC_WEAK = YES;
				CLANG_WARN_BLOCK_CAPTURE_AUTORELEASING = YES;
				CLANG_WARN_BOOL_CONVERSION = YES;
				CLANG_WARN_COMMA = YES;
				CLANG_WARN_CONSTANT_CONVERSION = YES;
				CLANG_WARN_DEPRECATED_OBJC_IMPLEMENTATIONS = YES;
				CLANG_WARN_DIRECT_OBJC_ISA_USAGE = YES_ERROR;
				CLANG_WARN_DOCUMENTATION_COMMENTS = YES;
				CLANG_WARN_EMPTY_BODY = YES;
				CLANG_WARN_ENUM_CONVERSION = YES;
				CLANG_WARN_INFINITE_RECURSION = YES;
				CLANG_WARN_INT_CONVERSION = YES;
				CLANG_WARN_NON_LITERAL_NULL_CONVERSION = YES;
				CLANG_WARN_OBJC_IMPLICIT_RETAIN_SELF = YES;
				CLANG_WARN_OBJC_LITERAL_CONVERSION = YES;
				CLANG_WARN_OBJC_ROOT_CLASS = YES_ERROR;
				CLANG_WARN_QUOTED_INCLUDE_IN_FRAMEWORK_HEADER = YES;
				CLANG_WARN_RANGE_LOOP_ANALYSIS = YES;
				CLANG_WARN_STRICT_PROTOTYPES = YES;
				CLANG_WARN_SUSPICIOUS_MOVE = YES;
				CLANG_WARN_UNGUARDED_AVAILABILITY = YES_AGGRESSIVE;
				CLANG_WARN_UNREACHABLE_CODE = YES;
				CLANG_WARN__DUPLICATE_METHOD_MATCH = YES;
				COPY_PHASE_STRIP = NO;
				CURRENT_PROJECT_VERSION = 1;
				DEBUG_INFORMATION_FORMAT = "dwarf-with-dsym";
				DEVELOPMENT_TEAM = LSL6634TAV;
				ENABLE_NS_ASSERTIONS = NO;
				ENABLE_STRICT_OBJC_MSGSEND = YES;
				ENABLE_USER_SCRIPT_SANDBOXING = YES;
				GCC_C_LANGUAGE_STANDARD = gnu11;
				GCC_NO_COMMON_BLOCKS = YES;
				GCC_WARN_64_TO_32_BIT_CONVERSION = YES;
				GCC_WARN_ABOUT_RETURN_TYPE = YES_ERROR;
				GCC_WARN_UNDECLARED_SELECTOR = YES;
				GCC_WARN_UNINITIALIZED_AUTOS = YES_AGGRESSIVE;
				GCC_WARN_UNUSED_FUNCTION = YES;
				GCC_WARN_UNUSED_VARIABLE = YES;
				IPHONEOS_DEPLOYMENT_TARGET = 16.0;
				MARKETING_VERSION = 1.0.0;
				MTL_ENABLE_DEBUG_INFO = NO;
				MTL_FAST_MATH = YES;
				PRODUCT_BUNDLE_IDENTIFIER = com.bigdavesnews.app;
				PRODUCT_NAME = "$(TARGET_NAME)";
				SDKROOT = iphoneos;
				STRING_CATALOG_GENERATE_SYMBOLS = YES;
				SWIFT_COMPILATION_MODE = wholemodule;
				SWIFT_OPTIMIZATION_LEVEL = "-O";
				SWIFT_VERSION = 5.0;
			};
			name = Release;
		};
		5B99BFA6C4C166E9390A5361 /* Release */ = {
			isa = XCBuildConfiguration;
			buildSettings = {
				ASSETCATALOG_COMPILER_APPICON_NAME = AppIcon;
				CODE_SIGN_ENTITLEMENTS = Sources/BigDavesNewsApp.entitlements;
				CODE_SIGN_IDENTITY = "iPhone Developer";
				CODE_SIGN_STYLE = Automatic;
				INFOPLIST_FILE = Sources/Info.plist;
				LD_RUNPATH_SEARCH_PATHS = (
					"$(inherited)",
					"@executable_path/Frameworks",
				);
				SDKROOT = iphoneos;
				TARGETED_DEVICE_FAMILY = "1,2";
			};
			name = Release;
		};
		605EEEF6B3C11C4DEF2E4E36 /* Debug */ = {
			isa = XCBuildConfiguration;
			buildSettings = {
				ALWAYS_SEARCH_USER_PATHS = NO;
				APS_ENVIRONMENT = development;
				ASSETCATALOG_COMPILER_APPICON_NAME = AppIcon;
				ASSETCATALOG_COMPILER_GENERATE_SWIFT_ASSET_SYMBOL_EXTENSIONS = YES;
				CLANG_ANALYZER_NONNULL = YES;
				CLANG_ANALYZER_NUMBER_OBJECT_CONVERSION = YES_AGGRESSIVE;
				CLANG_CXX_LANGUAGE_STANDARD = "gnu++14";
				CLANG_CXX_LIBRARY = "libc++";
				CLANG_ENABLE_MODULES = YES;
				CLANG_ENABLE_OBJC_ARC = YES;
				CLANG_ENABLE_OBJC_WEAK = YES;
				CLANG_WARN_BLOCK_CAPTURE_AUTORELEASING = YES;
				CLANG_WARN_BOOL_CONVERSION = YES;
				CLANG_WARN_COMMA = YES;
				CLANG_WARN_CONSTANT_CONVERSION = YES;
				CLANG_WARN_DEPRECATED_OBJC_IMPLEMENTATIONS = YES;
				CLANG_WARN_DIRECT_OBJC_ISA_USAGE = YES_ERROR;
				CLANG_WARN_DOCUMENTATION_COMMENTS = YES;
				CLANG_WARN_EMPTY_BODY = YES;
				CLANG_WARN_ENUM_CONVERSION = YES;
				CLANG_WARN_INFINITE_RECURSION = YES;
				CLANG_WARN_INT_CONVERSION = YES;
				CLANG_WARN_NON_LITERAL_NULL_CONVERSION = YES;
				CLANG_WARN_OBJC_IMPLICIT_RETAIN_SELF = YES;
				CLANG_WARN_OBJC_LITERAL_CONVERSION = YES;
				CLANG_WARN_OBJC_ROOT_CLASS = YES_ERROR;
				CLANG_WARN_QUOTED_INCLUDE_IN_FRAMEWORK_HEADER = YES;
				CLANG_WARN_RANGE_LOOP_ANALYSIS = YES;
				CLANG_WARN_STRICT_PROTOTYPES = YES;
				CLANG_WARN_SUSPICIOUS_MOVE = YES;
				CLANG_WARN_UNGUARDED_AVAILABILITY = YES_AGGRESSIVE;
				CLANG_WARN_UNREACHABLE_CODE = YES;
				CLANG_WARN__DUPLICATE_METHOD_MATCH = YES;
				COPY_PHASE_STRIP = NO;
				CURRENT_PROJECT_VERSION = 1;
				DEBUG_INFORMATION_FORMAT = dwarf;
				DEVELOPMENT_TEAM = LSL6634TAV;
				ENABLE_STRICT_OBJC_MSGSEND = YES;
				ENABLE_TESTABILITY = YES;
				ENABLE_USER_SCRIPT_SANDBOXING = YES;
				GCC_C_LANGUAGE_STANDARD = gnu11;
				GCC_DYNAMIC_NO_PIC = NO;
				GCC_NO_COMMON_BLOCKS = YES;
				GCC_OPTIMIZATION_LEVEL = 0;
				GCC_PREPROCESSOR_DEFINITIONS = (
					"$(inherited)",
					"DEBUG=1",
				);
				GCC_WARN_64_TO_32_BIT_CONVERSION = YES;
				GCC_WARN_ABOUT_RETURN_TYPE = YES_ERROR;
				GCC_WARN_UNDECLARED_SELECTOR = YES;
				GCC_WARN_UNINITIALIZED_AUTOS = YES_AGGRESSIVE;
				GCC_WARN_UNUSED_FUNCTION = YES;
				GCC_WARN_UNUSED_VARIABLE = YES;
				IPHONEOS_DEPLOYMENT_TARGET = 16.0;
				MARKETING_VERSION = 1.0.0;
				MTL_ENABLE_DEBUG_INFO = INCLUDE_SOURCE;
				MTL_FAST_MATH = YES;
				ONLY_ACTIVE_ARCH = YES;
				PRODUCT_BUNDLE_IDENTIFIER = com.bigdavesnews.app;
				PRODUCT_NAME = "$(TARGET_NAME)";
				SDKROOT = iphoneos;
				STRING_CATALOG_GENERATE_SYMBOLS = YES;
				SWIFT_ACTIVE_COMPILATION_CONDITIONS = DEBUG;
				SWIFT_OPTIMIZATION_LEVEL = "-Onone";
				SWIFT_VERSION = 5.0;
			};
			name = Debug;
		};
		8863FF5D86AB51646B9E9F7C /* Debug */ = {
			isa = XCBuildConfiguration;
			buildSettings = {
				ASSETCATALOG_COMPILER_APPICON_NAME = AppIcon;
				CODE_SIGN_ENTITLEMENTS = Sources/BigDavesNewsApp.entitlements;
				CODE_SIGN_IDENTITY = "iPhone Developer";
				CODE_SIGN_STYLE = Automatic;
				INFOPLIST_FILE = Sources/Info.plist;
				LD_RUNPATH_SEARCH_PATHS = (
					"$(inherited)",
					"@executable_path/Frameworks",
				);
				SDKROOT = iphoneos;
				TARGETED_DEVICE_FAMILY = "1,2";
			};
			name = Debug;
		};
/* End XCBuildConfiguration section */

/* Begin XCConfigurationList section */
		33821AE693428BDEFDEA30A7 /* Build configuration list for PBXProject "BigDavesNewsApp" */ = {
			isa = XCConfigurationList;
			buildConfigurations = (
				605EEEF6B3C11C4DEF2E4E36 /* Debug */,
				03696DAE542B6CA794B7384B /* Release */,
			);
			defaultConfigurationIsVisible = 0;
			defaultConfigurationName = Debug;
		};
		43E65F148CBB22035444A289 /* Build configuration list for PBXNativeTarget "BigDavesNewsApp" */ = {
			isa = XCConfigurationList;
			buildConfigurations = (
				8863FF5D86AB51646B9E9F7C /* Debug */,
				5B99BFA6C4C166E9390A5361 /* Release */,
			);
			defaultConfigurationIsVisible = 0;
			defaultConfigurationName = Debug;
		};
/* End XCConfigurationList section */
	};
	rootObject = 96B71986A6159E62B652E5ED /* Project object */;
}
